
Microsoft Visual Studio Solution File, Format Version 12.00
# Visual Studio Version 17
VisualStudioVersion = 17.3.32901.215
MinimumVisualStudioVersion = 10.0.40219.1
Project("{FAE04EC0-301F-11D3-BF4B-00C04F79EFBC}") = "qa-121022", "qa-121022\qa-121022.csproj", "{D486354E-1F15-4898-9B52-19B2FF16412F}"
EndProject
Global
	GlobalSection(SolutionConfigurationPlatforms) = preSolution
		Debug|Any CPU = Debug|Any CPU
		Release|Any CPU = Release|Any CPU
	EndGlobalSection
	GlobalSection(ProjectConfigurationPlatforms) = postSolution
		{D486354E-1F15-4898-9B52-19B2FF16412F}.Debug|Any CPU.ActiveCfg = Debug|Any CPU
		{D486354E-1F15-4898-9B52-19B2FF16412F}.Debug|Any CPU.Build.0 = Debug|Any CPU
		{D486354E-1F15-4898-9B52-19B2FF16412F}.Release|Any CPU.ActiveCfg = Release|Any CPU
		{D486354E-1F15-4898-9B52-19B2FF16412F}.Release|Any CPU.Build.0 = Release|Any CPU
	EndGlobalSection
	GlobalSection(SolutionProperties) = preSolution
		HideSolutionNode = FALSE
	EndGlobalSection
	GlobalSection(ExtensibilityGlobals) = postSolution
		SolutionGuid = {F43B412C-A7EA-4F84-8124-38518CDD2F61}
	EndGlobalSection
EndGlobal
